lockfileVersion: 5.4

importers:

  ../../Library/pnpm/store/v3/tmp/dlx-57365:
    specifiers:
      create-vue: ^3.3.2
    dependencies:
      create-vue: 3.3.2

packages:

  /create-vue/3.3.2:
    resolution: {integrity: sha512-7KpGhgn254ZH78A4CGBvZ0iJWOcmMsFQYQhrUoWkX0iqtxiGzl5VyCa1K5SdsX0+miA2rbE936t3YoqSAQb9sA==}
    engines: {node: ^14.18.0 || >=16.0.0}
    hasBin: true
    dev: false
